# This file is generated by running "yarn install" inside your project.
# Manual changes might be lost - proceed with caution!

__metadata:
  version: 6

"@project-a/package-a@portal:../project-a/packages/package-a::locator=project-b%40workspace%3A.":
  version: 0.0.0-use.local
  resolution: "@project-a/package-a@portal:../project-a/packages/package-a::locator=project-b%40workspace%3A."
  languageName: node
  linkType: soft

"@project-a/package-b@portal:../project-a/packages/package-b::locator=project-b%40workspace%3A.":
  version: 0.0.0-use.local
  resolution: "@project-a/package-b@portal:../project-a/packages/package-b::locator=project-b%40workspace%3A."
  dependencies:
    "@project-a/package-a": ^1.0.0
  languageName: node
  linkType: soft

"project-b@workspace:.":
  version: 0.0.0-use.local
  resolution: "project-b@workspace:."
  dependencies:
    "@project-a/package-a": ^1.0.0
    "@project-a/package-b": ^1.0.0
  languageName: unknown
  linkType: soft
