# This file is generated by running "yarn install" inside your project.
# Manual changes might be lost - proceed with caution!

__metadata:
  version: 6

"@project-a/package-a@^1.0.0, @project-a/package-a@workspace:packages/package-a":
  version: 0.0.0-use.local
  resolution: "@project-a/package-a@workspace:packages/package-a"
  languageName: unknown
  linkType: soft

"@project-a/package-b@workspace:packages/package-b":
  version: 0.0.0-use.local
  resolution: "@project-a/package-b@workspace:packages/package-b"
  dependencies:
    "@project-a/package-a": ^1.0.0
  languageName: unknown
  linkType: soft

"project-a@workspace:.":
  version: 0.0.0-use.local
  resolution: "project-a@workspace:."
  languageName: unknown
  linkType: soft
